// !$*UTF8*$!
{
	archiveVersion = 1;
	classes = {
	};
	objectVersion = 56;
	objects = {

/* Begin PBXBuildFile section */
		0624CA493FEF2D140B88CFF7 /* HubSetupCommands.swift in Sources */ = {isa = PBXBuildFile; fileRef = 1CBF3CF5E347134A46BF0076 /* HubSetupCommands.swift */; };
		0C46ABF54A97FA1F17BE04B0 /* WebViewWindow.swift in Sources */ = {isa = PBXBuildFile; fileRef = 355697014B8A803D93F9E3EA /* WebViewWindow.swift */; };
		2626DA9FECF5CE594406FCF2 /* SettingsView.swift in Sources */ = {isa = PBXBuildFile; fileRef = CA99F3FC4BB5441E52829DA8 /* SettingsView.swift */; };
		477C35A4907835166E4AECF6 /* HubClient.swift in Sources */ = {isa = PBXBuildFile; fileRef = 81CA6F64B5FFA6B90233A956 /* HubClient.swift */; };
		4DDC81BB89C55D2F2E819002 /* HubSetupView.swift in Sources */ = {isa = PBXBuildFile; fileRef = 286C0F48CEB5BC01CC53529D /* HubSetupView.swift */; };
		5470D493544A6D03CE17E9B3 /* IconState.swift in Sources */ = {isa = PBXBuildFile; fileRef = 5A7875E7E74CA980AD4B502F /* IconState.swift */; };
		56A2EE338C23F3064E056B31 /* Assets.xcassets in Resources */ = {isa = PBXBuildFile; fileRef = 4DD72A5787EF3FFBF772C89F /* Assets.xcassets */; };
		5B9DAFE87B904A39428B55B0 /* DistSchemeHandler.swift in Sources */ = {isa = PBXBuildFile; fileRef = B55FB8ECEE3FF5C62B33B122 /* DistSchemeHandler.swift */; };
		61C341D2ECBBE9C35A242AF0 /* HubProtocolTests.swift in Sources */ = {isa = PBXBuildFile; fileRef = 385800B7F484F9E71DADBC28 /* HubProtocolTests.swift */; };
		7099815B76AC17566B2A96C5 /* SettingsView.swift in Sources */ = {isa = PBXBuildFile; fileRef = CA99F3FC4BB5441E52829DA8 /* SettingsView.swift */; };
		7366DDF55B2871EA5704D8B8 /* HubClientIntegrationTests.swift in Sources */ = {isa = PBXBuildFile; fileRef = 69B5AB7DE462E44924AFDC25 /* HubClientIntegrationTests.swift */; };
		779250B73CFF5A291C21A9A6 /* HubClient.swift in Sources */ = {isa = PBXBuildFile; fileRef = 81CA6F64B5FFA6B90233A956 /* HubClient.swift */; };
		787301FFD777594190359E77 /* DistSchemeHandlerTests.swift in Sources */ = {isa = PBXBuildFile; fileRef = 4E923886F516F41ACD4DCB26 /* DistSchemeHandlerTests.swift */; };
		868C031D66195475FDA1A60E /* IconStateTests.swift in Sources */ = {isa = PBXBuildFile; fileRef = 6FD2A054319CF8855CD1AE45 /* IconStateTests.swift */; };
		89CA0A413FB87001E796F276 /* Assets.xcassets in Resources */ = {isa = PBXBuildFile; fileRef = 4DD72A5787EF3FFBF772C89F /* Assets.xcassets */; };
		8A7968BC43F4E4D7069E3FD9 /* RemiApp.swift in Sources */ = {isa = PBXBuildFile; fileRef = 1F4E747A3D65101EAE2331D4 /* RemiApp.swift */; };
		954D114FF37A81A590B7D7B4 /* AppDelegate.swift in Sources */ = {isa = PBXBuildFile; fileRef = C25C1F16E2BEE0CED3C7DC54 /* AppDelegate.swift */; };
		A66E1FF4E2632B780AC8EBEA /* DistSchemeHandler.swift in Sources */ = {isa = PBXBuildFile; fileRef = B55FB8ECEE3FF5C62B33B122 /* DistSchemeHandler.swift */; };
		AACDBAC70B24E6FD163F22C8 /* IconState.swift in Sources */ = {isa = PBXBuildFile; fileRef = 5A7875E7E74CA980AD4B502F /* IconState.swift */; };
		B02F8C5F4512A48DA88A1311 /* HubSetupCommands.swift in Sources */ = {isa = PBXBuildFile; fileRef = 1CBF3CF5E347134A46BF0076 /* HubSetupCommands.swift */; };
		B2EF1C7D36471D46EACF2DD6 /* DistSchemeHandlerServingTests.swift in Sources */ = {isa = PBXBuildFile; fileRef = 7D4E81DF5CF4E309840AF1F3 /* DistSchemeHandlerServingTests.swift */; };
		B380134DB301B91E8FB492B1 /* web in Resources */ = {isa = PBXBuildFile; fileRef = 5DB62EAF2230D75844C2E431 /* web */; };
		B624FF6190079DE8CEC1ED90 /* HubProtocol.swift in Sources */ = {isa = PBXBuildFile; fileRef = C34698EE36B7B59AEAF65A27 /* HubProtocol.swift */; };
		C06956DFD17992CEB0E8F1F7 /* LaunchAtLogin.swift in Sources */ = {isa = PBXBuildFile; fileRef = E3F7681BE2AB3DD90F39CD72 /* LaunchAtLogin.swift */; };
		D5175153D73E308F27F71B07 /* HubProtocol.swift in Sources */ = {isa = PBXBuildFile; fileRef = C34698EE36B7B59AEAF65A27 /* HubProtocol.swift */; };
		DCB33A9FC9A43C32D55F1C86 /* HubSetupCommandsTests.swift in Sources */ = {isa = PBXBuildFile; fileRef = C385A2B0E9B3668B8E04A46E /* HubSetupCommandsTests.swift */; };
		E2A47A3FEF612AA225168AB6 /* HubSetupView.swift in Sources */ = {isa = PBXBuildFile; fileRef = 286C0F48CEB5BC01CC53529D /* HubSetupView.swift */; };
		FDB4E6B066502FF40FE283A5 /* LaunchAtLogin.swift in Sources */ = {isa = PBXBuildFile; fileRef = E3F7681BE2AB3DD90F39CD72 /* LaunchAtLogin.swift */; };
		FDD33CD09342E7459B3AD7E1 /* WebViewWindow.swift in Sources */ = {isa = PBXBuildFile; fileRef = 355697014B8A803D93F9E3EA /* WebViewWindow.swift */; };
/* End PBXBuildFile section */

/* Begin PBXFileReference section */
		03E03C1A89AE93F94D40EA16 /* Info.plist */ = {isa = PBXFileReference; lastKnownFileType = text.plist; path = Info.plist; sourceTree = "<group>"; };
		1CBF3CF5E347134A46BF0076 /* HubSetupCommands.swift */ = {isa = PBXFileReference; lastKnownFileType = sourcecode.swift; path = HubSetupCommands.swift; sourceTree = "<group>"; };
		1F4E747A3D65101EAE2331D4 /* RemiApp.swift */ = {isa = PBXFileReference; lastKnownFileType = sourcecode.swift; path = RemiApp.swift; sourceTree = "<group>"; };
		286C0F48CEB5BC01CC53529D /* HubSetupView.swift */ = {isa = PBXFileReference; lastKnownFileType = sourcecode.swift; path = HubSetupView.swift; sourceTree = "<group>"; };
		355697014B8A803D93F9E3EA /* WebViewWindow.swift */ = {isa = PBXFileReference; lastKnownFileType = sourcecode.swift; path = WebViewWindow.swift; sourceTree = "<group>"; };
		385800B7F484F9E71DADBC28 /* HubProtocolTests.swift */ = {isa = PBXFileReference; lastKnownFileType = sourcecode.swift; path = HubProtocolTests.swift; sourceTree = "<group>"; };
		3C92562123ECC39FB269FB4A /* Remi.entitlements */ = {isa = PBXFileReference; lastKnownFileType = text.plist.entitlements; path = Remi.entitlements; sourceTree = "<group>"; };
		4DD72A5787EF3FFBF772C89F /* Assets.xcassets */ = {isa = PBXFileReference; lastKnownFileType = folder.assetcatalog; path = Assets.xcassets; sourceTree = "<group>"; };
		4E923886F516F41ACD4DCB26 /* DistSchemeHandlerTests.swift */ = {isa = PBXFileReference; lastKnownFileType = sourcecode.swift; path = DistSchemeHandlerTests.swift; sourceTree = "<group>"; };
		5012C3ED6BF23506A3E5406C /* Remi.app */ = {isa = PBXFileReference; explicitFileType = wrapper.application; includeInIndex = 0; path = Remi.app; sourceTree = BUILT_PRODUCTS_DIR; };
		5A7875E7E74CA980AD4B502F /* IconState.swift */ = {isa = PBXFileReference; lastKnownFileType = sourcecode.swift; path = IconState.swift; sourceTree = "<group>"; };
		5DB62EAF2230D75844C2E431 /* web */ = {isa = PBXFileReference; lastKnownFileType = folder; name = web; path = Remi/Resources/web; sourceTree = SOURCE_ROOT; };
		69B5AB7DE462E44924AFDC25 /* HubClientIntegrationTests.swift */ = {isa = PBXFileReference; lastKnownFileType = sourcecode.swift; path = HubClientIntegrationTests.swift; sourceTree = "<group>"; };
		6FD2A054319CF8855CD1AE45 /* IconStateTests.swift */ = {isa = PBXFileReference; lastKnownFileType = sourcecode.swift; path = IconStateTests.swift; sourceTree = "<group>"; };
		734962FBB7BBAF23FEFB57BC /* RemiTests.xctest */ = {isa = PBXFileReference; explicitFileType = wrapper.cfbundle; includeInIndex = 0; path = RemiTests.xctest; sourceTree = BUILT_PRODUCTS_DIR; };
		7D4E81DF5CF4E309840AF1F3 /* DistSchemeHandlerServingTests.swift */ = {isa = PBXFileReference; lastKnownFileType = sourcecode.swift; path = DistSchemeHandlerServingTests.swift; sourceTree = "<group>"; };
		81CA6F64B5FFA6B90233A956 /* HubClient.swift */ = {isa = PBXFileReference; lastKnownFileType = sourcecode.swift; path = HubClient.swift; sourceTree = "<group>"; };
		B55FB8ECEE3FF5C62B33B122 /* DistSchemeHandler.swift */ = {isa = PBXFileReference; lastKnownFileType = sourcecode.swift; path = DistSchemeHandler.swift; sourceTree = "<group>"; };
		C25C1F16E2BEE0CED3C7DC54 /* AppDelegate.swift */ = {isa = PBXFileReference; lastKnownFileType = sourcecode.swift; path = AppDelegate.swift; sourceTree = "<group>"; };
		C34698EE36B7B59AEAF65A27 /* HubProtocol.swift */ = {isa = PBXFileReference; lastKnownFileType = sourcecode.swift; path = HubProtocol.swift; sourceTree = "<group>"; };
		C385A2B0E9B3668B8E04A46E /* HubSetupCommandsTests.swift */ = {isa = PBXFileReference; lastKnownFileType = sourcecode.swift; path = HubSetupCommandsTests.swift; sourceTree = "<group>"; };
		CA99F3FC4BB5441E52829DA8 /* SettingsView.swift */ = {isa = PBXFileReference; lastKnownFileType = sourcecode.swift; path = SettingsView.swift; sourceTree = "<group>"; };
		E3F7681BE2AB3DD90F39CD72 /* LaunchAtLogin.swift */ = {isa = PBXFileReference; lastKnownFileType = sourcecode.swift; path = LaunchAtLogin.swift; sourceTree = "<group>"; };
/* End PBXFileReference section */

/* Begin PBXGroup section */
		364BBE56F2F49E1C3A22A22B = {
			isa = PBXGroup;
			children = (
				AB3D9F531B6A4A622EDC05D1 /* Remi */,
				C7F38A4D8AF6DC703EE13673 /* RemiTests */,
				DB291654E0C27C18415F3098 /* Products */,
			);
			sourceTree = "<group>";
		};
		AB3D9F531B6A4A622EDC05D1 /* Remi */ = {
			isa = PBXGroup;
			children = (
				C25C1F16E2BEE0CED3C7DC54 /* AppDelegate.swift */,
				4DD72A5787EF3FFBF772C89F /* Assets.xcassets */,
				B55FB8ECEE3FF5C62B33B122 /* DistSchemeHandler.swift */,
				81CA6F64B5FFA6B90233A956 /* HubClient.swift */,
				C34698EE36B7B59AEAF65A27 /* HubProtocol.swift */,
				1CBF3CF5E347134A46BF0076 /* HubSetupCommands.swift */,
				286C0F48CEB5BC01CC53529D /* HubSetupView.swift */,
				5A7875E7E74CA980AD4B502F /* IconState.swift */,
				03E03C1A89AE93F94D40EA16 /* Info.plist */,
				E3F7681BE2AB3DD90F39CD72 /* LaunchAtLogin.swift */,
				3C92562123ECC39FB269FB4A /* Remi.entitlements */,
				1F4E747A3D65101EAE2331D4 /* RemiApp.swift */,
				CA99F3FC4BB5441E52829DA8 /* SettingsView.swift */,
				355697014B8A803D93F9E3EA /* WebViewWindow.swift */,
				ECC1B78C2B42CFA4F799B774 /* Resources */,
			);
			path = Remi;
			sourceTree = "<group>";
		};
		C7F38A4D8AF6DC703EE13673 /* RemiTests */ = {
			isa = PBXGroup;
			children = (
				7D4E81DF5CF4E309840AF1F3 /* DistSchemeHandlerServingTests.swift */,
				4E923886F516F41ACD4DCB26 /* DistSchemeHandlerTests.swift */,
				69B5AB7DE462E44924AFDC25 /* HubClientIntegrationTests.swift */,
				385800B7F484F9E71DADBC28 /* HubProtocolTests.swift */,
				C385A2B0E9B3668B8E04A46E /* HubSetupCommandsTests.swift */,
				6FD2A054319CF8855CD1AE45 /* IconStateTests.swift */,
			);
			path = RemiTests;
			sourceTree = "<group>";
		};
		DB291654E0C27C18415F3098 /* Products */ = {
			isa = PBXGroup;
			children = (
				5012C3ED6BF23506A3E5406C /* Remi.app */,
				734962FBB7BBAF23FEFB57BC /* RemiTests.xctest */,
			);
			name = Products;
			sourceTree = "<group>";
		};
		ECC1B78C2B42CFA4F799B774 /* Resources */ = {
			isa = PBXGroup;
			children = (
				5DB62EAF2230D75844C2E431 /* web */,
			);
			path = Resources;
			sourceTree = "<group>";
		};
/* End PBXGroup section */

/* Begin PBXNativeTarget section */
		1EF7CD188C7ACB54DC714BA7 /* Remi */ = {
			isa = PBXNativeTarget;
			buildConfigurationList = D84164CCD9B076A5A7904D1B /* Build configuration list for PBXNativeTarget "Remi" */;
			buildPhases = (
				FEA09EEC3A923EA9AD490962 /* Verify staged web bundle */,
				C2E051E6BE6A8D71555247B8 /* Sources */,
				F528F22A827CA73C9AC50A7D /* Resources */,
			);
			buildRules = (
			);
			dependencies = (
			);
			name = Remi;
			packageProductDependencies = (
			);
			productName = Remi;
			productReference = 5012C3ED6BF23506A3E5406C /* Remi.app */;
			productType = "com.apple.product-type.application";
		};
		FE8929E73DED99F24AB4F5A8 /* RemiTests */ = {
			isa = PBXNativeTarget;
			buildConfigurationList = EF7C876D99FF1D3D15C35063 /* Build configuration list for PBXNativeTarget "RemiTests" */;
			buildPhases = (
				FDC3E244B25455445874C428 /* Sources */,
				B94024599CE9473DDDAA8E11 /* Resources */,
			);
			buildRules = (
			);
			dependencies = (
			);
			name = RemiTests;
			packageProductDependencies = (
			);
			productName = RemiTests;
			productReference = 734962FBB7BBAF23FEFB57BC /* RemiTests.xctest */;
			productType = "com.apple.product-type.bundle.unit-test";
		};
/* End PBXNativeTarget section */

/* Begin PBXProject section */
		7897341F649EDB7595E3B052 /* Project object */ = {
			isa = PBXProject;
			attributes = {
				BuildIndependentTargetsInParallel = YES;
				LastUpgradeCheck = 1430;
				TargetAttributes = {
					1EF7CD188C7ACB54DC714BA7 = {
						DevelopmentTeam = 9DQ459HAZB;
					};
					FE8929E73DED99F24AB4F5A8 = {
						DevelopmentTeam = 9DQ459HAZB;
					};
				};
			};
			buildConfigurationList = 1E625220A00187EB79480C42 /* Build configuration list for PBXProject "Remi" */;
			developmentRegion = en;
			hasScannedForEncodings = 0;
			knownRegions = (
				Base,
				en,
			);
			mainGroup = 364BBE56F2F49E1C3A22A22B;
			minimizedProjectReferenceProxies = 1;
			preferredProjectObjectVersion = 77;
			productRefGroup = DB291654E0C27C18415F3098 /* Products */;
			projectDirPath = "";
			projectRoot = "";
			targets = (
				1EF7CD188C7ACB54DC714BA7 /* Remi */,
				FE8929E73DED99F24AB4F5A8 /* RemiTests */,
			);
		};
/* End PBXProject section */

/* Begin PBXResourcesBuildPhase section */
		B94024599CE9473DDDAA8E11 /* Resources */ = {
			isa = PBXResourcesBuildPhase;
			buildActionMask = 2147483647;
			files = (
				89CA0A413FB87001E796F276 /* Assets.xcassets in Resources */,
			);
			runOnlyForDeploymentPostprocessing = 0;
		};
		F528F22A827CA73C9AC50A7D /* Resources */ = {
			isa = PBXResourcesBuildPhase;
			buildActionMask = 2147483647;
			files = (
				56A2EE338C23F3064E056B31 /* Assets.xcassets in Resources */,
				B380134DB301B91E8FB492B1 /* web in Resources */,
			);
			runOnlyForDeploymentPostprocessing = 0;
		};
/* End PBXResourcesBuildPhase section */

/* Begin PBXShellScriptBuildPhase section */
		FEA09EEC3A923EA9AD490962 /* Verify staged web bundle */ = {
			isa = PBXShellScriptBuildPhase;
			alwaysOutOfDate = 1;
			buildActionMask = 2147483647;
			files = (
			);
			inputFileListPaths = (
			);
			inputPaths = (
			);
			name = "Verify staged web bundle";
			outputFileListPaths = (
			);
			outputPaths = (
			);
			runOnlyForDeploymentPostprocessing = 0;
			shellPath = /bin/sh;
			shellScript = "if [ ! -f \"${SRCROOT}/Remi/Resources/web/index.html\" ]; then\n  echo \"error: web bundle not staged. Run: bun run build:macos-web (repo root)\"\n  exit 1\nfi\n";
		};
/* End PBXShellScriptBuildPhase section */

/* Begin PBXSourcesBuildPhase section */
		C2E051E6BE6A8D71555247B8 /* Sources */ = {
			isa = PBXSourcesBuildPhase;
			buildActionMask = 2147483647;
			files = (
				954D114FF37A81A590B7D7B4 /* AppDelegate.swift in Sources */,
				A66E1FF4E2632B780AC8EBEA /* DistSchemeHandler.swift in Sources */,
				779250B73CFF5A291C21A9A6 /* HubClient.swift in Sources */,
				D5175153D73E308F27F71B07 /* HubProtocol.swift in Sources */,
				B02F8C5F4512A48DA88A1311 /* HubSetupCommands.swift in Sources */,
				E2A47A3FEF612AA225168AB6 /* HubSetupView.swift in Sources */,
				AACDBAC70B24E6FD163F22C8 /* IconState.swift in Sources */,
				FDB4E6B066502FF40FE283A5 /* LaunchAtLogin.swift in Sources */,
				8A7968BC43F4E4D7069E3FD9 /* RemiApp.swift in Sources */,
				2626DA9FECF5CE594406FCF2 /* SettingsView.swift in Sources */,
				0C46ABF54A97FA1F17BE04B0 /* WebViewWindow.swift in Sources */,
			);
			runOnlyForDeploymentPostprocessing = 0;
		};
		FDC3E244B25455445874C428 /* Sources */ = {
			isa = PBXSourcesBuildPhase;
			buildActionMask = 2147483647;
			files = (
				5B9DAFE87B904A39428B55B0 /* DistSchemeHandler.swift in Sources */,
				B2EF1C7D36471D46EACF2DD6 /* DistSchemeHandlerServingTests.swift in Sources */,
				787301FFD777594190359E77 /* DistSchemeHandlerTests.swift in Sources */,
				477C35A4907835166E4AECF6 /* HubClient.swift in Sources */,
				7366DDF55B2871EA5704D8B8 /* HubClientIntegrationTests.swift in Sources */,
				B624FF6190079DE8CEC1ED90 /* HubProtocol.swift in Sources */,
				61C341D2ECBBE9C35A242AF0 /* HubProtocolTests.swift in Sources */,
				0624CA493FEF2D140B88CFF7 /* HubSetupCommands.swift in Sources */,
				DCB33A9FC9A43C32D55F1C86 /* HubSetupCommandsTests.swift in Sources */,
				4DDC81BB89C55D2F2E819002 /* HubSetupView.swift in Sources */,
				5470D493544A6D03CE17E9B3 /* IconState.swift in Sources */,
				868C031D66195475FDA1A60E /* IconStateTests.swift in Sources */,
				C06956DFD17992CEB0E8F1F7 /* LaunchAtLogin.swift in Sources */,
				7099815B76AC17566B2A96C5 /* SettingsView.swift in Sources */,
				FDD33CD09342E7459B3AD7E1 /* WebViewWindow.swift in Sources */,
			);
			runOnlyForDeploymentPostprocessing = 0;
		};
/* End PBXSourcesBuildPhase section */

/* Begin XCBuildConfiguration section */
		30973D7A3FA8F495BB07A415 /* Release */ = {
			isa = XCBuildConfiguration;
			buildSettings = {
				BUNDLE_LOADER = "$(TEST_HOST)";
				COMBINE_HIDPI_IMAGES = YES;
				GENERATE_INFOPLIST_FILE = YES;
				INFOPLIST_FILE = Remi/Info.plist;
				LD_RUNPATH_SEARCH_PATHS = (
					"$(inherited)",
					"@executable_path/../Frameworks",
					"@loader_path/../Frameworks",
				);
				PRODUCT_BUNDLE_IDENTIFIER = live.yooz.remi.tests;
				SDKROOT = macosx;
			};
			name = Release;
		};
		39D14F70D9CE0C5D317ECE8E /* Debug */ = {
			isa = XCBuildConfiguration;
			buildSettings = {
				BUNDLE_LOADER = "$(TEST_HOST)";
				COMBINE_HIDPI_IMAGES = YES;
				GENERATE_INFOPLIST_FILE = YES;
				INFOPLIST_FILE = Remi/Info.plist;
				LD_RUNPATH_SEARCH_PATHS = (
					"$(inherited)",
					"@executable_path/../Frameworks",
					"@loader_path/../Frameworks",
				);
				PRODUCT_BUNDLE_IDENTIFIER = live.yooz.remi.tests;
				SDKROOT = macosx;
			};
			name = Debug;
		};
		5DC2A7FF7F7818A0669B4A99 /* Release */ = {
			isa = XCBuildConfiguration;
			buildSettings = {
				ALWAYS_SEARCH_USER_PATHS = NO;
				CLANG_ANALYZER_NONNULL = YES;
				CLANG_ANALYZER_NUMBER_OBJECT_CONVERSION = YES_AGGRESSIVE;
				CLANG_CXX_LANGUAGE_STANDARD = "gnu++14";
				CLANG_CXX_LIBRARY = "libc++";
				CLANG_ENABLE_MODULES = YES;
				CLANG_ENABLE_OBJC_ARC = YES;
				CLANG_ENABLE_OBJC_WEAK = YES;
				CLANG_WARN_BLOCK_CAPTURE_AUTORELEASING = YES;
				CLANG_WARN_BOOL_CONVERSION = YES;
				CLANG_WARN_COMMA = YES;
				CLANG_WARN_CONSTANT_CONVERSION = YES;
				CLANG_WARN_DEPRECATED_OBJC_IMPLEMENTATIONS = YES;
				CLANG_WARN_DIRECT_OBJC_ISA_USAGE = YES_ERROR;
				CLANG_WARN_DOCUMENTATION_COMMENTS = YES;
				CLANG_WARN_EMPTY_BODY = YES;
				CLANG_WARN_ENUM_CONVERSION = YES;
				CLANG_WARN_INFINITE_RECURSION = YES;
				CLANG_WARN_INT_CONVERSION = YES;
				CLANG_WARN_NON_LITERAL_NULL_CONVERSION = YES;
				CLANG_WARN_OBJC_IMPLICIT_RETAIN_SELF = YES;
				CLANG_WARN_OBJC_LITERAL_CONVERSION = YES;
				CLANG_WARN_OBJC_ROOT_CLASS = YES_ERROR;
				CLANG_WARN_QUOTED_INCLUDE_IN_FRAMEWORK_HEADER = YES;
				CLANG_WARN_RANGE_LOOP_ANALYSIS = YES;
				CLANG_WARN_STRICT_PROTOTYPES = YES;
				CLANG_WARN_SUSPICIOUS_MOVE = YES;
				CLANG_WARN_UNGUARDED_AVAILABILITY = YES_AGGRESSIVE;
				CLANG_WARN_UNREACHABLE_CODE = YES;
				CLANG_WARN__DUPLICATE_METHOD_MATCH = YES;
				COPY_PHASE_STRIP = NO;
				DEBUG_INFORMATION_FORMAT = "dwarf-with-dsym";
				DEVELOPMENT_TEAM = 9DQ459HAZB;
				ENABLE_NS_ASSERTIONS = NO;
				ENABLE_STRICT_OBJC_MSGSEND = YES;
				GCC_C_LANGUAGE_STANDARD = gnu11;
				GCC_NO_COMMON_BLOCKS = YES;
				GCC_WARN_64_TO_32_BIT_CONVERSION = YES;
				GCC_WARN_ABOUT_RETURN_TYPE = YES_ERROR;
				GCC_WARN_UNDECLARED_SELECTOR = YES;
				GCC_WARN_UNINITIALIZED_AUTOS = YES_AGGRESSIVE;
				GCC_WARN_UNUSED_FUNCTION = YES;
				GCC_WARN_UNUSED_VARIABLE = YES;
				MACOSX_DEPLOYMENT_TARGET = 14.0;
				MTL_ENABLE_DEBUG_INFO = NO;
				MTL_FAST_MATH = YES;
				PRODUCT_NAME = "$(TARGET_NAME)";
				SDKROOT = macosx;
				SWIFT_COMPILATION_MODE = wholemodule;
				SWIFT_OPTIMIZATION_LEVEL = "-O";
				SWIFT_VERSION = 5.9;
			};
			name = Release;
		};
		63571BBD768AB5EBB7DE6798 /* Debug */ = {
			isa = XCBuildConfiguration;
			buildSettings = {
				ALWAYS_SEARCH_USER_PATHS = NO;
				CLANG_ANALYZER_NONNULL = YES;
				CLANG_ANALYZER_NUMBER_OBJECT_CONVERSION = YES_AGGRESSIVE;
				CLANG_CXX_LANGUAGE_STANDARD = "gnu++14";
				CLANG_CXX_LIBRARY = "libc++";
				CLANG_ENABLE_MODULES = YES;
				CLANG_ENABLE_OBJC_ARC = YES;
				CLANG_ENABLE_OBJC_WEAK = YES;
				CLANG_WARN_BLOCK_CAPTURE_AUTORELEASING = YES;
				CLANG_WARN_BOOL_CONVERSION = YES;
				CLANG_WARN_COMMA = YES;
				CLANG_WARN_CONSTANT_CONVERSION = YES;
				CLANG_WARN_DEPRECATED_OBJC_IMPLEMENTATIONS = YES;
				CLANG_WARN_DIRECT_OBJC_ISA_USAGE = YES_ERROR;
				CLANG_WARN_DOCUMENTATION_COMMENTS = YES;
				CLANG_WARN_EMPTY_BODY = YES;
				CLANG_WARN_ENUM_CONVERSION = YES;
				CLANG_WARN_INFINITE_RECURSION = YES;
				CLANG_WARN_INT_CONVERSION = YES;
				CLANG_WARN_NON_LITERAL_NULL_CONVERSION = YES;
				CLANG_WARN_OBJC_IMPLICIT_RETAIN_SELF = YES;
				CLANG_WARN_OBJC_LITERAL_CONVERSION = YES;
				CLANG_WARN_OBJC_ROOT_CLASS = YES_ERROR;
				CLANG_WARN_QUOTED_INCLUDE_IN_FRAMEWORK_HEADER = YES;
				CLANG_WARN_RANGE_LOOP_ANALYSIS = YES;
				CLANG_WARN_STRICT_PROTOTYPES = YES;
				CLANG_WARN_SUSPICIOUS_MOVE = YES;
				CLANG_WARN_UNGUARDED_AVAILABILITY = YES_AGGRESSIVE;
				CLANG_WARN_UNREACHABLE_CODE = YES;
				CLANG_WARN__DUPLICATE_METHOD_MATCH = YES;
				COPY_PHASE_STRIP = NO;
				DEBUG_INFORMATION_FORMAT = dwarf;
				DEVELOPMENT_TEAM = 9DQ459HAZB;
				ENABLE_STRICT_OBJC_MSGSEND = YES;
				ENABLE_TESTABILITY = YES;
				GCC_C_LANGUAGE_STANDARD = gnu11;
				GCC_DYNAMIC_NO_PIC = NO;
				GCC_NO_COMMON_BLOCKS = YES;
				GCC_OPTIMIZATION_LEVEL = 0;
				GCC_PREPROCESSOR_DEFINITIONS = (
					"$(inherited)",
					"DEBUG=1",
				);
				GCC_WARN_64_TO_32_BIT_CONVERSION = YES;
				GCC_WARN_ABOUT_RETURN_TYPE = YES_ERROR;
				GCC_WARN_UNDECLARED_SELECTOR = YES;
				GCC_WARN_UNINITIALIZED_AUTOS = YES_AGGRESSIVE;
				GCC_WARN_UNUSED_FUNCTION = YES;
				GCC_WARN_UNUSED_VARIABLE = YES;
				MACOSX_DEPLOYMENT_TARGET = 14.0;
				MTL_ENABLE_DEBUG_INFO = INCLUDE_SOURCE;
				MTL_FAST_MATH = YES;
				ONLY_ACTIVE_ARCH = YES;
				PRODUCT_NAME = "$(TARGET_NAME)";
				SDKROOT = macosx;
				SWIFT_ACTIVE_COMPILATION_CONDITIONS = DEBUG;
				SWIFT_OPTIMIZATION_LEVEL = "-Onone";
				SWIFT_VERSION = 5.9;
			};
			name = Debug;
		};
		E0C991C711F983BD70198873 /* Debug */ = {
			isa = XCBuildConfiguration;
			buildSettings = {
				ASSETCATALOG_COMPILER_APPICON_NAME = AppIcon;
				CODE_SIGN_ENTITLEMENTS = Remi/Remi.entitlements;
				COMBINE_HIDPI_IMAGES = YES;
				CURRENT_PROJECT_VERSION = 6;
				ENABLE_HARDENED_RUNTIME = YES;
				ENABLE_USER_SCRIPT_SANDBOXING = YES;
				GENERATE_INFOPLIST_FILE = NO;
				INFOPLIST_FILE = Remi/Info.plist;
				LD_RUNPATH_SEARCH_PATHS = (
					"$(inherited)",
					"@executable_path/../Frameworks",
				);
				MARKETING_VERSION = 0.1.0;
				PRODUCT_BUNDLE_IDENTIFIER = live.yooz.remi;
				PRODUCT_NAME = Remi;
				SDKROOT = macosx;
			};
			name = Debug;
		};
		E54506BA894C2E53100F1B95 /* Release */ = {
			isa = XCBuildConfiguration;
			buildSettings = {
				ASSETCATALOG_COMPILER_APPICON_NAME = AppIcon;
				CODE_SIGN_ENTITLEMENTS = Remi/Remi.entitlements;
				COMBINE_HIDPI_IMAGES = YES;
				CURRENT_PROJECT_VERSION = 6;
				ENABLE_HARDENED_RUNTIME = YES;
				ENABLE_USER_SCRIPT_SANDBOXING = YES;
				GENERATE_INFOPLIST_FILE = NO;
				INFOPLIST_FILE = Remi/Info.plist;
				LD_RUNPATH_SEARCH_PATHS = (
					"$(inherited)",
					"@executable_path/../Frameworks",
				);
				MARKETING_VERSION = 0.1.0;
				PRODUCT_BUNDLE_IDENTIFIER = live.yooz.remi;
				PRODUCT_NAME = Remi;
				SDKROOT = macosx;
			};
			name = Release;
		};
/* End XCBuildConfiguration section */

/* Begin XCConfigurationList section */
		1E625220A00187EB79480C42 /* Build configuration list for PBXProject "Remi" */ = {
			isa = XCConfigurationList;
			buildConfigurations = (
				63571BBD768AB5EBB7DE6798 /* Debug */,
				5DC2A7FF7F7818A0669B4A99 /* Release */,
			);
			defaultConfigurationIsVisible = 0;
			defaultConfigurationName = Debug;
		};
		D84164CCD9B076A5A7904D1B /* Build configuration list for PBXNativeTarget "Remi" */ = {
			isa = XCConfigurationList;
			buildConfigurations = (
				E0C991C711F983BD70198873 /* Debug */,
				E54506BA894C2E53100F1B95 /* Release */,
			);
			defaultConfigurationIsVisible = 0;
			defaultConfigurationName = Debug;
		};
		EF7C876D99FF1D3D15C35063 /* Build configuration list for PBXNativeTarget "RemiTests" */ = {
			isa = XCConfigurationList;
			buildConfigurations = (
				39D14F70D9CE0C5D317ECE8E /* Debug */,
				30973D7A3FA8F495BB07A415 /* Release */,
			);
			defaultConfigurationIsVisible = 0;
			defaultConfigurationName = Debug;
		};
/* End XCConfigurationList section */
	};
	rootObject = 7897341F649EDB7595E3B052 /* Project object */;
}
